
Microsoft Visual Studio Solution File, Format Version 12.00
# Visual Studio Version 17
VisualStudioVersion = 17.8.34525.116
MinimumVisualStudioVersion = 10.0.40219.1
Project("{9A19103F-16F7-4668-BE54-9A1E7A4F7556}") = "MICourses", "MICourses\MICourses.csproj", "{97E28CE8-4672-467D-B3C5-9D3E5DF9982A}"
EndProject
Global
	GlobalSection(SolutionConfigurationPlatforms) = preSolution
		Debug|Any CPU = Debug|Any CPU
		Release|Any CPU = Release|Any CPU
	EndGlobalSection
	GlobalSection(ProjectConfigurationPlatforms) = postSolution
		{97E28CE8-4672-467D-B3C5-9D3E5DF9982A}.Debug|Any CPU.ActiveCfg = Debug|Any CPU
		{97E28CE8-4672-467D-B3C5-9D3E5DF9982A}.Debug|Any CPU.Build.0 = Debug|Any CPU
		{97E28CE8-4672-467D-B3C5-9D3E5DF9982A}.Release|Any CPU.ActiveCfg = Release|Any CPU
		{97E28CE8-4672-467D-B3C5-9D3E5DF9982A}.Release|Any CPU.Build.0 = Release|Any CPU
	EndGlobalSection
	GlobalSection(SolutionProperties) = preSolution
		HideSolutionNode = FALSE
	EndGlobalSection
	GlobalSection(ExtensibilityGlobals) = postSolution
		SolutionGuid = {4AC8F639-05B1-4C0F-B1EB-ECBBE3D1471E}
	EndGlobalSection
EndGlobal
